# This file is automatically @generated by Cargo.
# It is not intended for manual editing.
version = 3

[[package]]
name = "adler"
version = "0.2.3"
source = "registry+https://github.com/rust-lang/crates.io-index"
checksum = "ee2a4ec343196209d6594e19543ae87a39f96d5534d7174822a3ad825dd6ed7e"

[[package]]
name = "aho-corasick"
version = "0.7.15"
source = "registry+https://github.com/rust-lang/crates.io-index"
checksum = "7404febffaa47dac81aa44dba71523c9d069b1bdc50a77db41195149e17f68e5"
dependencies = [
 "memchr",
]

[[package]]
name = "ansi_term"
version = "0.11.0"
source = "registry+https://github.com/rust-lang/crates.io-index"
checksum = "ee49baf6cb617b853aa8d93bf420db2383fab46d314482ca2803b40d5fde979b"
dependencies = [
 "winapi",
]

[[package]]
name = "anyhow"
version = "1.0.38"
source = "registry+https://github.com/rust-lang/crates.io-index"
checksum = "afddf7f520a80dbf76e6f50a35bca42a2331ef227a28b3b6dc5c2e2338d114b1"

[[package]]
name = "as-slice"
version = "0.1.5"
source = "registry+https://github.com/rust-lang/crates.io-index"
checksum = "45403b49e3954a4b8428a0ac21a4b7afadccf92bfd96273f1a58cd4812496ae0"
dependencies = [
 "generic-array 0.12.4",
 "generic-array 0.13.3",
 "generic-array 0.14.4",
 "stable_deref_trait",
]

[[package]]
name = "atty"
version = "0.2.14"
source = "registry+https://github.com/rust-lang/crates.io-index"
checksum = "d9b39be18770d11421cdb1b9947a45dd3f37e93092cbf377614828a319d5fee8"
dependencies = [
 "hermit-abi",
 "libc",
 "winapi",
]

[[package]]
name = "autocfg"
version = "1.0.1"
source = "registry+https://github.com/rust-lang/crates.io-index"
checksum = "cdb031dd78e28731d87d56cc8ffef4a8f36ca26c38fe2de700543e627f8a464a"

[[package]]
name = "benchmark"
version = "0.1.0"
dependencies = [
 "benchmark-target",
 "blitstr-ref",
 "graphics-server",
 "log",
 "log-server",
 "rkyv 0.3.1",
 "ticktimer-server",
 "utralib",
 "xous",
 "xous-names",
]

[[package]]
name = "benchmark-target"
version = "0.1.0"
dependencies = [
 "log",
 "log-server",
 "rkyv 0.4.3",
 "utralib",
 "xous",
 "xous-names",
]

[[package]]
name = "bindgen"
version = "0.56.0"
source = "registry+https://github.com/rust-lang/crates.io-index"
checksum = "2da379dbebc0b76ef63ca68d8fc6e71c0f13e59432e0987e508c1820e6ab5239"
dependencies = [
 "bitflags",
 "cexpr",
 "clang-sys",
 "clap",
 "env_logger 0.8.2",
 "lazy_static",
 "lazycell",
 "log",
 "peeking_take_while",
 "proc-macro2 1.0.24",
 "quote 1.0.8",
 "regex",
 "rustc-hash",
 "shlex",
 "which",
]

[[package]]
name = "bitflags"
version = "1.2.1"
source = "registry+https://github.com/rust-lang/crates.io-index"
checksum = "cf1de2fe8c75bc145a2f577add951f8134889b4795d47466a54a5c846d691693"

[[package]]
name = "blitstr"
version = "0.5.0"
source = "git+https://github.com/betrusted-io/blitstr.git?rev=f1f1ca2352a90b08f97fcb48ab790053dda25f42#f1f1ca2352a90b08f97fcb48ab790053dda25f42"
dependencies = [
 "log",
 "rkyv 0.4.3",
]

[[package]]
name = "blitstr-ref"
version = "0.1.0"
dependencies = [
 "blitstr",
]

[[package]]
name = "bstr"
version = "0.2.14"
source = "registry+https://github.com/rust-lang/crates.io-index"
checksum = "473fc6b38233f9af7baa94fb5852dca389e3d95b8e21c8e3719301462c5d9faf"
dependencies = [
 "lazy_static",
 "memchr",
 "regex-automata",
 "serde",
]

[[package]]
name = "build_const"
version = "0.2.1"
source = "registry+https://github.com/rust-lang/crates.io-index"
checksum = "39092a32794787acd8525ee150305ff051b0aa6cc2abaf193924f5ab05425f39"

[[package]]
name = "byteorder"
version = "1.4.2"
source = "registry+https://github.com/rust-lang/crates.io-index"
checksum = "ae44d1a3d5a19df61dd0c8beb138458ac2a53a7ac09eba97d55592540004306b"

[[package]]
name = "cc"
version = "1.0.66"
source = "registry+https://github.com/rust-lang/crates.io-index"
checksum = "4c0496836a84f8d0495758516b8621a622beb77c0fed418570e50764093ced48"

[[package]]
name = "cexpr"
version = "0.4.0"
source = "registry+https://github.com/rust-lang/crates.io-index"
checksum = "f4aedb84272dbe89af497cf81375129abda4fc0a9e7c5d317498c15cc30c0d27"
dependencies = [
 "nom 5.1.2",
]

[[package]]
name = "cfg-if"
version = "0.1.10"
source = "registry+https://github.com/rust-lang/crates.io-index"
checksum = "4785bdd1c96b2a846b2bd7cc02e86b6b3dbf14e7e53446c4f54c92a361040822"

[[package]]
name = "cfg-if"
version = "1.0.0"
source = "registry+https://github.com/rust-lang/crates.io-index"
checksum = "baf1de4339761588bc0619e3cbc0120ee582ebb74b53b4efbf79117bd2da40fd"

[[package]]
name = "chrono"
version = "0.4.19"
source = "registry+https://github.com/rust-lang/crates.io-index"
checksum = "670ad68c9088c2a963aaa298cb369688cf3f9465ce5e2d4ca10e6e0098a1ce73"
dependencies = [
 "libc",
 "num-integer",
 "num-traits",
 "time",
 "winapi",
]

[[package]]
name = "clang-sys"
version = "1.1.0"
source = "registry+https://github.com/rust-lang/crates.io-index"
checksum = "5cb92721cb37482245ed88428f72253ce422b3b4ee169c70a0642521bb5db4cc"
dependencies = [
 "glob",
 "libc",
 "libloading",
]

[[package]]
name = "clap"
version = "2.33.3"
source = "registry+https://github.com/rust-lang/crates.io-index"
checksum = "37e58ac78573c40708d45522f0d80fa2f01cc4f9b4e2bf749807255454312002"
dependencies = [
 "ansi_term",
 "atty",
 "bitflags",
 "strsim",
 "textwrap",
 "unicode-width",
 "vec_map",
]

[[package]]
name = "cmake"
version = "0.1.45"
source = "registry+https://github.com/rust-lang/crates.io-index"
checksum = "eb6210b637171dfba4cda12e579ac6dc73f5165ad56133e5d72ef3131f320855"
dependencies = [
 "cc",
]

[[package]]
name = "com"
version = "0.1.0"
dependencies = [
 "com_rs-ref",
 "heapless",
 "log",
 "log-server",
 "rkyv 0.4.3",
 "ticktimer-server",
 "typenum",
 "utralib",
 "xous",
 "xous-names",
]

[[package]]
name = "com_rs"
version = "0.1.0"
source = "git+https://github.com/betrusted-io/com_rs.git?rev=885330c0a58fc5c3c9388628435dab24a0b61ab5#885330c0a58fc5c3c9388628435dab24a0b61ab5"

[[package]]
name = "com_rs-ref"
version = "0.1.0"
dependencies = [
 "com_rs",
]

[[package]]
name = "compiler_builtins"
version = "0.1.39"
source = "registry+https://github.com/rust-lang/crates.io-index"
checksum = "3748f82c7d366a0b4950257d19db685d4958d2fa27c6d164a3f069fec42b748b"
dependencies = [
 "rustc-std-workspace-core",
]

[[package]]
name = "content-plugin-api"
version = "0.1.0"
dependencies = [
 "graphics-server",
 "log",
 "rkyv 0.3.1",
 "xous",
 "xous-names",
]

[[package]]
name = "crc"
version = "1.8.1"
source = "registry+https://github.com/rust-lang/crates.io-index"
checksum = "d663548de7f5cca343f1e0a48d14dcfb0e9eb4e079ec58883b7251539fa10aeb"
dependencies = [
 "build_const",
]

[[package]]
name = "crc32fast"
version = "1.2.1"
source = "registry+https://github.com/rust-lang/crates.io-index"
checksum = "81156fece84ab6a9f2afdb109ce3ae577e42b1228441eded99bd77f627953b1a"
dependencies = [
 "cfg-if 1.0.0",
]

[[package]]
name = "csv"
version = "1.1.5"
source = "registry+https://github.com/rust-lang/crates.io-index"
checksum = "f9d58633299b24b515ac72a3f869f8b91306a3cec616a602843a383acd6f9e97"
dependencies = [
 "bstr",
 "csv-core",
 "itoa",
 "ryu",
 "serde",
]

[[package]]
name = "csv-core"
version = "0.1.10"
source = "registry+https://github.com/rust-lang/crates.io-index"
checksum = "2b2466559f260f48ad25fe6317b3c8dac77b5bdb5763ac7d9d6103530663bc90"
dependencies = [
 "memchr",
]

[[package]]
name = "downcast-rs"
version = "1.2.0"
source = "registry+https://github.com/rust-lang/crates.io-index"
checksum = "9ea835d29036a4087793836fa931b08837ad5e957da9e23886b29586fb9b6650"

[[package]]
name = "encoding_rs"
version = "0.8.28"
source = "registry+https://github.com/rust-lang/crates.io-index"
checksum = "80df024fbc5ac80f87dfef0d9f5209a252f2a497f7f42944cff24d8253cac065"
dependencies = [
 "cfg-if 1.0.0",
]

[[package]]
name = "env_logger"
version = "0.7.1"
source = "registry+https://github.com/rust-lang/crates.io-index"
checksum = "44533bbbb3bb3c1fa17d9f2e4e38bbbaf8396ba82193c4cb1b6445d711445d36"
dependencies = [
 "atty",
 "humantime 1.3.0",
 "log",
 "regex",
 "termcolor",
]

[[package]]
name = "env_logger"
version = "0.8.2"
source = "registry+https://github.com/rust-lang/crates.io-index"
checksum = "f26ecb66b4bdca6c1409b40fb255eefc2bd4f6d135dab3c3124f80ffa2a9661e"
dependencies = [
 "atty",
 "humantime 2.1.0",
 "log",
 "regex",
 "termcolor",
]

[[package]]
name = "fcc-agent"
version = "0.1.0"
dependencies = [
 "com",
 "heapless",
 "log",
 "log-server",
 "ticktimer-server",
 "typenum",
 "utralib",
 "xous",
 "xous-names",
]

[[package]]
name = "filetime"
version = "0.2.14"
source = "registry+https://github.com/rust-lang/crates.io-index"
checksum = "1d34cfa13a63ae058bfa601fe9e313bbdb3746427c1459185464ce0fcf62e1e8"
dependencies = [
 "cfg-if 1.0.0",
 "libc",
 "redox_syscall",
 "winapi",
]

[[package]]
name = "flate2"
version = "1.0.20"
source = "registry+https://github.com/rust-lang/crates.io-index"
checksum = "cd3aec53de10fe96d7d8c565eb17f2c687bb5518a2ec453b5b1252964526abe0"
dependencies = [
 "cfg-if 1.0.0",
 "crc32fast",
 "libc",
 "miniz_oxide",
]

[[package]]
name = "gam"
version = "0.1.0"
dependencies = [
 "bitflags",
 "blitstr-ref",
 "com",
 "content-plugin-api",
 "graphics-server",
 "heapless",
 "ime-plugin-api",
 "keyboard",
 "log",
 "log-server",
 "rkyv 0.4.3",
 "ticktimer-server",
 "trng",
 "utralib",
 "xous",
 "xous-names",
]

[[package]]
name = "generic-array"
version = "0.12.4"
source = "registry+https://github.com/rust-lang/crates.io-index"
checksum = "ffdf9f34f1447443d37393cc6c2b8313aebddcd96906caf34e54c68d8e57d7bd"
dependencies = [
 "typenum",
]

[[package]]
name = "generic-array"
version = "0.13.3"
source = "registry+https://github.com/rust-lang/crates.io-index"
checksum = "f797e67af32588215eaaab8327027ee8e71b9dd0b2b26996aedf20c030fce309"
dependencies = [
 "typenum",
]

[[package]]
name = "generic-array"
version = "0.14.4"
source = "registry+https://github.com/rust-lang/crates.io-index"
checksum = "501466ecc8a30d1d3b7fc9229b122b2ce8ed6e9d9223f1138d4babb253e51817"
dependencies = [
 "typenum",
 "version_check",
]

[[package]]
name = "getrandom"
version = "0.2.2"
source = "registry+https://github.com/rust-lang/crates.io-index"
checksum = "c9495705279e7140bf035dde1f6e750c162df8b625267cd52cc44e0b156732c8"
dependencies = [
 "cfg-if 1.0.0",
 "libc",
 "wasi",
]

[[package]]
name = "glob"
version = "0.3.0"
source = "registry+https://github.com/rust-lang/crates.io-index"
checksum = "9b919933a397b79c37e33b77bb2aa3dc8eb6e165ad809e58ff75bc7db2e34574"

[[package]]
name = "graphics-server"
version = "0.1.0"
dependencies = [
 "blitstr-ref",
 "hash32",
 "hash32-derive",
 "keyboard",
 "log",
 "log-server",
 "minifb",
 "rkyv 0.4.3",
 "utralib",
 "xous",
 "xous-names",
]

[[package]]
name = "hash32"
version = "0.1.1"
source = "registry+https://github.com/rust-lang/crates.io-index"
checksum = "d4041af86e63ac4298ce40e5cca669066e75b6f1aa3390fe2561ffa5e1d9f4cc"
dependencies = [
 "byteorder",
]

[[package]]
name = "hash32-derive"
version = "0.1.0"
source = "registry+https://github.com/rust-lang/crates.io-index"
checksum = "ebc0efbd154a17cddc3616d83faef479c0076d871a2143c157b310cc7ca799a2"
dependencies = [
 "proc-macro2 0.3.8",
 "quote 0.5.2",
 "syn 0.13.11",
]

[[package]]
name = "heapless"
version = "0.5.6"
source = "registry+https://github.com/rust-lang/crates.io-index"
checksum = "74911a68a1658cfcfb61bc0ccfbd536e3b6e906f8c2f7883ee50157e3e2184f1"
dependencies = [
 "as-slice",
 "generic-array 0.13.3",
 "hash32",
 "stable_deref_trait",
]

[[package]]
name = "hermit-abi"
version = "0.1.18"
source = "registry+https://github.com/rust-lang/crates.io-index"
checksum = "322f4de77956e22ed0e5032c359a0f1273f1f7f0d79bfa3b8ffbc730d7fbcc5c"
dependencies = [
 "libc",
]

[[package]]
name = "hex"
version = "0.4.2"
source = "registry+https://github.com/rust-lang/crates.io-index"
checksum = "644f9158b2f133fd50f5fb3242878846d9eb792e445c893805ff0e3824006e35"

[[package]]
name = "humantime"
version = "1.3.0"
source = "registry+https://github.com/rust-lang/crates.io-index"
checksum = "df004cfca50ef23c36850aaaa59ad52cc70d0e90243c3c7737a4dd32dc7a3c4f"
dependencies = [
 "quick-error",
]

[[package]]
name = "humantime"
version = "2.1.0"
source = "registry+https://github.com/rust-lang/crates.io-index"
checksum = "9a3a5bfb195931eeb336b2a7b4d761daec841b97f947d34394601737a7bba5e4"

[[package]]
name = "ime-frontend"
version = "0.1.0"
dependencies = [
 "blitstr-ref",
 "gam",
 "graphics-server",
 "heapless",
 "ime-plugin-api",
 "keyboard",
 "log",
 "log-server",
 "rkyv 0.4.3",
 "ticktimer-server",
 "utralib",
 "xous",
 "xous-names",
]

[[package]]
name = "ime-plugin-api"
version = "0.1.0"
dependencies = [
 "graphics-server",
 "log",
 "rkyv 0.4.3",
 "xous",
 "xous-names",
]

[[package]]
name = "ime-plugin-shell"
version = "0.1.0"
dependencies = [
 "heapless",
 "ime-plugin-api",
 "log",
 "log-server",
 "rkyv 0.4.3",
 "ticktimer-server",
 "utralib",
 "xous",
 "xous-names",
]

[[package]]
name = "itoa"
version = "0.4.7"
source = "registry+https://github.com/rust-lang/crates.io-index"
checksum = "dd25036021b0de88a0aff6b850051563c6516d0bf53f8638938edbb9de732736"

[[package]]
name = "kernel-test"
version = "0.1.0"
dependencies = [
 "log",
 "log-server",
 "ticktimer-server",
 "utralib",
 "xous",
]

[[package]]
name = "keyboard"
version = "0.1.0"
dependencies = [
 "heapless",
 "log",
 "log-server",
 "rkyv 0.4.3",
 "ticktimer-server",
 "utralib",
 "xous",
 "xous-names",
]

[[package]]
name = "lazy_static"
version = "1.4.0"
source = "registry+https://github.com/rust-lang/crates.io-index"
checksum = "e2abad23fbc42b3700f2f279844dc832adb2b2eb069b2df918f455c4e18cc646"

[[package]]
name = "lazycell"
version = "1.3.0"
source = "registry+https://github.com/rust-lang/crates.io-index"
checksum = "830d08ce1d1d941e6b30645f1a0eb5643013d835ce3779a5fc208261dbe10f55"

[[package]]
name = "libc"
version = "0.2.85"
source = "registry+https://github.com/rust-lang/crates.io-index"
checksum = "7ccac4b00700875e6a07c6cde370d44d32fa01c5a65cdd2fca6858c479d28bb3"

[[package]]
name = "libloading"
version = "0.6.7"
source = "registry+https://github.com/rust-lang/crates.io-index"
checksum = "351a32417a12d5f7e82c368a66781e307834dae04c6ce0cd4456d52989229883"
dependencies = [
 "cfg-if 1.0.0",
 "winapi",
]

[[package]]
name = "llio"
version = "0.1.0"
dependencies = [
 "heapless",
 "log",
 "log-server",
 "rkyv 0.4.3",
 "ticktimer-server",
 "utralib",
 "xous",
 "xous-names",
]

[[package]]
name = "log"
version = "0.4.14"
source = "registry+https://github.com/rust-lang/crates.io-index"
checksum = "51b9bbe6c47d51fc3e1a9b945965946b4c44142ab8792c50835a980d362c2710"
dependencies = [
 "cfg-if 1.0.0",
]

[[package]]
name = "log-server"
version = "0.1.0"
dependencies = [
 "log",
 "utralib",
 "vergen",
 "xous",
]

[[package]]
name = "maybe-uninit"
version = "2.0.0"
source = "registry+https://github.com/rust-lang/crates.io-index"
checksum = "60302e4db3a61da70c0cb7991976248362f30319e88850c487b9b95bbf059e00"

[[package]]
name = "memchr"
version = "2.3.4"
source = "registry+https://github.com/rust-lang/crates.io-index"
checksum = "0ee1c47aaa256ecabcaea351eae4a9b01ef39ed810004e298d2511ed284b1525"

[[package]]
name = "memoffset"
version = "0.6.1"
source = "registry+https://github.com/rust-lang/crates.io-index"
checksum = "157b4208e3059a8f9e78d559edc658e13df41410cb3ae03979c83130067fdd87"
dependencies = [
 "autocfg",
]

[[package]]
name = "minifb"
version = "0.19.3"
source = "git+https://github.com/xobs/rust_minifb.git?rev=ea25c2e4843abd130d6794b2045812907a24eab2#ea25c2e4843abd130d6794b2045812907a24eab2"
dependencies = [
 "cc",
 "orbclient",
 "raw-window-handle",
 "tempfile",
 "wayland-client",
 "wayland-cursor",
 "wayland-protocols",
 "winapi",
 "x11-dl",
 "xkb",
 "xkbcommon-sys",
]

[[package]]
name = "miniz_oxide"
version = "0.4.3"
source = "registry+https://github.com/rust-lang/crates.io-index"
checksum = "0f2d26ec3309788e423cfbf68ad1800f061638098d76a83681af979dc4eda19d"
dependencies = [
 "adler",
 "autocfg",
]

[[package]]
name = "nix"
version = "0.20.0"
source = "registry+https://github.com/rust-lang/crates.io-index"
checksum = "fa9b4819da1bc61c0ea48b63b7bc8604064dd43013e7cc325df098d49cd7c18a"
dependencies = [
 "bitflags",
 "cc",
 "cfg-if 1.0.0",
 "libc",
]

[[package]]
name = "nom"
version = "5.1.2"
source = "registry+https://github.com/rust-lang/crates.io-index"
checksum = "ffb4262d26ed83a1c0a33a38fe2bb15797329c85770da05e6b828ddb782627af"
dependencies = [
 "memchr",
 "version_check",
]

[[package]]
name = "nom"
version = "6.1.0"
source = "registry+https://github.com/rust-lang/crates.io-index"
checksum = "ab6f70b46d6325aa300f1c7bb3d470127dfc27806d8ea6bf294ee0ce643ce2b1"
dependencies = [
 "memchr",
 "version_check",
]

[[package]]
name = "num-derive"
version = "0.3.3"
source = "registry+https://github.com/rust-lang/crates.io-index"
checksum = "876a53fff98e03a936a674b29568b0e605f06b29372c2489ff4de23f1949743d"
dependencies = [
 "proc-macro2 1.0.24",
 "quote 1.0.8",
 "syn 1.0.60",
]

[[package]]
name = "num-integer"
version = "0.1.44"
source = "registry+https://github.com/rust-lang/crates.io-index"
checksum = "d2cc698a63b549a70bc047073d2949cce27cd1c7b0a4a862d08a8031bc2801db"
dependencies = [
 "autocfg",
 "num-traits",
]

[[package]]
name = "num-traits"
version = "0.2.14"
source = "registry+https://github.com/rust-lang/crates.io-index"
checksum = "9a64b1ec5cda2586e284722486d802acf1f7dbdc623e2bfc57e65ca1cd099290"
dependencies = [
 "autocfg",
]

[[package]]
name = "once_cell"
version = "1.5.2"
source = "registry+https://github.com/rust-lang/crates.io-index"
checksum = "13bd41f508810a131401606d54ac32a467c97172d74ba7662562ebba5ad07fa0"

[[package]]
name = "orbclient"
version = "0.3.30"
source = "registry+https://github.com/rust-lang/crates.io-index"
checksum = "ee68c3c79e81d82127e0870f94479675774d34c7ad5b55eecb9c320ef9701187"
dependencies = [
 "libc",
 "raw-window-handle",
 "redox_syscall",
 "sdl2",
 "sdl2-sys",
]

[[package]]
name = "peeking_take_while"
version = "0.1.2"
source = "registry+https://github.com/rust-lang/crates.io-index"
checksum = "19b17cddbe7ec3f8bc800887bab5e717348c95ea2ca0b1bf0837fb964dc67099"

[[package]]
name = "pkg-config"
version = "0.3.19"
source = "registry+https://github.com/rust-lang/crates.io-index"
checksum = "3831453b3449ceb48b6d9c7ad7c96d5ea673e9b470a1dc578c2ce6521230884c"

[[package]]
name = "ppv-lite86"
version = "0.2.10"
source = "registry+https://github.com/rust-lang/crates.io-index"
checksum = "ac74c624d6b2d21f425f752262f42188365d7b8ff1aff74c82e45136510a4857"

[[package]]
name = "proc-macro2"
version = "0.3.8"
source = "registry+https://github.com/rust-lang/crates.io-index"
checksum = "1b06e2f335f48d24442b35a19df506a835fb3547bc3c06ef27340da9acf5cae7"
dependencies = [
 "unicode-xid 0.1.0",
]

[[package]]
name = "proc-macro2"
version = "1.0.24"
source = "registry+https://github.com/rust-lang/crates.io-index"
checksum = "1e0704ee1a7e00d7bb417d0770ea303c1bccbabf0ef1667dae92b5967f5f8a71"
dependencies = [
 "unicode-xid 0.2.1",
]

[[package]]
name = "ptr_meta"
version = "0.1.1"
source = "registry+https://github.com/rust-lang/crates.io-index"
checksum = "aad980f4bb4053abd4733b1680024a8c71ffde345f6e584c6af9eb6f0067a198"
dependencies = [
 "ptr_meta_derive",
]

[[package]]
name = "ptr_meta_derive"
version = "0.1.1"
source = "registry+https://github.com/rust-lang/crates.io-index"
checksum = "7bcd6232fa7d7fcd15703da5c07c9f10d203ee4fdf6ecf6d7ac5056db78089a3"
dependencies = [
 "proc-macro2 1.0.24",
 "quote 1.0.8",
 "syn 1.0.60",
]

[[package]]
name = "quick-error"
version = "1.2.3"
source = "registry+https://github.com/rust-lang/crates.io-index"
checksum = "a1d01941d82fa2ab50be1e79e6714289dd7cde78eba4c074bc5a4374f650dfe0"

[[package]]
name = "quick-xml"
version = "0.19.0"
source = "registry+https://github.com/rust-lang/crates.io-index"
checksum = "b3d72d5477478f85bd00b6521780dfba1ec6cdaadcf90b8b181c36d7de561f9b"
dependencies = [
 "memchr",
]

[[package]]
name = "quote"
version = "0.5.2"
source = "registry+https://github.com/rust-lang/crates.io-index"
checksum = "9949cfe66888ffe1d53e6ec9d9f3b70714083854be20fd5e271b232a017401e8"
dependencies = [
 "proc-macro2 0.3.8",
]

[[package]]
name = "quote"
version = "1.0.8"
source = "registry+https://github.com/rust-lang/crates.io-index"
checksum = "991431c3519a3f36861882da93630ce66b52918dcf1b8e2fd66b397fc96f28df"
dependencies = [
 "proc-macro2 1.0.24",
]

[[package]]
name = "rand"
version = "0.7.3"
source = "registry+https://github.com/rust-lang/crates.io-index"
checksum = "6a6b1679d49b24bbfe0c803429aa1874472f50d9b363131f0e89fc356b544d03"
dependencies = [
 "rand_chacha 0.2.2",
 "rand_core 0.5.1",
 "rand_hc 0.2.0",
 "rand_pcg",
]

[[package]]
name = "rand"
version = "0.8.3"
source = "registry+https://github.com/rust-lang/crates.io-index"
checksum = "0ef9e7e66b4468674bfcb0c81af8b7fa0bb154fa9f28eb840da5c447baeb8d7e"
dependencies = [
 "libc",
 "rand_chacha 0.3.0",
 "rand_core 0.6.1",
 "rand_hc 0.3.0",
]

[[package]]
name = "rand_chacha"
version = "0.2.2"
source = "registry+https://github.com/rust-lang/crates.io-index"
checksum = "f4c8ed856279c9737206bf725bf36935d8666ead7aa69b52be55af369d193402"
dependencies = [
 "ppv-lite86",
 "rand_core 0.5.1",
]

[[package]]
name = "rand_chacha"
version = "0.3.0"
source = "registry+https://github.com/rust-lang/crates.io-index"
checksum = "e12735cf05c9e10bf21534da50a147b924d555dc7a547c42e6bb2d5b6017ae0d"
dependencies = [
 "ppv-lite86",
 "rand_core 0.6.1",
]

[[package]]
name = "rand_core"
version = "0.5.1"
source = "registry+https://github.com/rust-lang/crates.io-index"
checksum = "90bde5296fc891b0cef12a6d03ddccc162ce7b2aff54160af9338f8d40df6d19"

[[package]]
name = "rand_core"
version = "0.6.1"
source = "registry+https://github.com/rust-lang/crates.io-index"
checksum = "c026d7df8b298d90ccbbc5190bd04d85e159eaf5576caeacf8741da93ccbd2e5"
dependencies = [
 "getrandom",
]

[[package]]
name = "rand_hc"
version = "0.2.0"
source = "registry+https://github.com/rust-lang/crates.io-index"
checksum = "ca3129af7b92a17112d59ad498c6f81eaf463253766b90396d39ea7a39d6613c"
dependencies = [
 "rand_core 0.5.1",
]

[[package]]
name = "rand_hc"
version = "0.3.0"
source = "registry+https://github.com/rust-lang/crates.io-index"
checksum = "3190ef7066a446f2e7f42e239d161e905420ccab01eb967c9eb27d21b2322a73"
dependencies = [
 "rand_core 0.6.1",
]

[[package]]
name = "rand_pcg"
version = "0.2.1"
source = "registry+https://github.com/rust-lang/crates.io-index"
checksum = "16abd0c1b639e9eb4d7c50c0b8100b0d0f849be2349829c740fe8e6eb4816429"
dependencies = [
 "rand_core 0.5.1",
]

[[package]]
name = "raw-window-handle"
version = "0.3.3"
source = "registry+https://github.com/rust-lang/crates.io-index"
checksum = "0a441a7a6c80ad6473bd4b74ec1c9a4c951794285bf941c2126f607c72e48211"
dependencies = [
 "libc",
]

[[package]]
name = "redox_syscall"
version = "0.2.4"
source = "registry+https://github.com/rust-lang/crates.io-index"
checksum = "05ec8ca9416c5ea37062b502703cd7fcb207736bc294f6e0cf367ac6fc234570"
dependencies = [
 "bitflags",
]

[[package]]
name = "regex"
version = "1.4.3"
source = "registry+https://github.com/rust-lang/crates.io-index"
checksum = "d9251239e129e16308e70d853559389de218ac275b515068abc96829d05b948a"
dependencies = [
 "aho-corasick",
 "memchr",
 "regex-syntax",
 "thread_local",
]

[[package]]
name = "regex-automata"
version = "0.1.9"
source = "registry+https://github.com/rust-lang/crates.io-index"
checksum = "ae1ded71d66a4a97f5e961fd0cb25a5f366a42a41570d16a763a69c092c26ae4"
dependencies = [
 "byteorder",
]

[[package]]
name = "regex-syntax"
version = "0.6.22"
source = "registry+https://github.com/rust-lang/crates.io-index"
checksum = "b5eb417147ba9860a96cfe72a0b93bf88fee1744b5636ec99ab20c1aa9376581"

[[package]]
name = "remove_dir_all"
version = "0.5.3"
source = "registry+https://github.com/rust-lang/crates.io-index"
checksum = "3acd125665422973a33ac9d3dd2df85edad0f4ae9b00dafb1a05e43a9f5ef8e7"
dependencies = [
 "winapi",
]

[[package]]
name = "rkyv"
version = "0.3.1"
source = "registry+https://github.com/rust-lang/crates.io-index"
checksum = "4ba0dea2b9efaa468bc76d09a06741839d84c70a746edb1793d9653828532666"
dependencies = [
 "memoffset",
 "rkyv_derive 0.3.1",
]

[[package]]
name = "rkyv"
version = "0.4.3"
source = "registry+https://github.com/rust-lang/crates.io-index"
checksum = "70de01b38fe7baba4ecdd33b777096d2b326993d8ea99bc5b6ede691883d3010"
dependencies = [
 "memoffset",
 "ptr_meta",
 "rkyv_derive 0.4.0",
]

[[package]]
name = "rkyv-test-client"
version = "0.1.0"
dependencies = [
 "log",
 "log-server",
 "rkyv-test-server",
 "ticktimer-server",
 "xous",
]

[[package]]
name = "rkyv-test-server"
version = "0.1.0"
dependencies = [
 "log",
 "log-server",
 "num-derive",
 "num-traits",
 "rkyv 0.4.3",
 "ticktimer-server",
 "xous",
 "xous-names",
]

[[package]]
name = "rkyv_derive"
version = "0.3.1"
source = "registry+https://github.com/rust-lang/crates.io-index"
checksum = "ddf04e93b51e6cfcc0eeee3bbf121d978303b83fbf2dc49085cff7855478fd4b"
dependencies = [
 "proc-macro2 1.0.24",
 "quote 1.0.8",
 "syn 1.0.60",
]

[[package]]
name = "rkyv_derive"
version = "0.4.0"
source = "registry+https://github.com/rust-lang/crates.io-index"
checksum = "95a169f6bc5a81033e86ed39d0f4150e2608160b73d2b93c6e8e6a3efa873f14"
dependencies = [
 "proc-macro2 1.0.24",
 "quote 1.0.8",
 "syn 1.0.60",
]

[[package]]
name = "rtc"
version = "0.1.0"
dependencies = [
 "bitflags",
 "heapless",
 "log",
 "log-server",
 "ticktimer-server",
 "utralib",
 "xous",
 "xous-names",
]

[[package]]
name = "rustc-hash"
version = "1.1.0"
source = "registry+https://github.com/rust-lang/crates.io-index"
checksum = "08d43f7aa6b08d49f382cde6a7982047c3426db949b1424bc4b7ec9ae12c6ce2"

[[package]]
name = "rustc-std-workspace-core"
version = "1.0.0"
source = "registry+https://github.com/rust-lang/crates.io-index"
checksum = "1956f5517128a2b6f23ab2dadf1a976f4f5b27962e7724c2bf3d45e539ec098c"

[[package]]
name = "ryu"
version = "1.0.5"
source = "registry+https://github.com/rust-lang/crates.io-index"
checksum = "71d301d4193d031abdd79ff7e3dd721168a9572ef3fe51a1517aba235bd8f86e"

[[package]]
name = "sdl2"
version = "0.34.3"
source = "registry+https://github.com/rust-lang/crates.io-index"
checksum = "fcbb85f4211627a7291c83434d6bbfa723e28dcaa53c7606087e3c61929e4b9c"
dependencies = [
 "bitflags",
 "lazy_static",
 "libc",
 "raw-window-handle",
 "sdl2-sys",
]

[[package]]
name = "sdl2-sys"
version = "0.34.3"
source = "registry+https://github.com/rust-lang/crates.io-index"
checksum = "28d81feded049b9c14eceb4a4f6d596a98cebbd59abdba949c5552a015466d33"
dependencies = [
 "cfg-if 0.1.10",
 "cmake",
 "flate2",
 "libc",
 "tar",
 "unidiff",
 "version-compare",
]

[[package]]
name = "serde"
version = "1.0.123"
source = "registry+https://github.com/rust-lang/crates.io-index"
checksum = "92d5161132722baa40d802cc70b15262b98258453e85e5d1d365c757c73869ae"

[[package]]
name = "shell"
version = "0.1.0"
dependencies = [
 "bitflags",
 "blitstr-ref",
 "com",
 "graphics-server",
 "heapless",
 "keyboard",
 "log",
 "log-server",
 "ticktimer-server",
 "trng",
 "utralib",
 "xous",
 "xous-names",
]

[[package]]
name = "shellchat"
version = "0.1.0"
dependencies = [
 "com",
 "content-plugin-api",
 "gam",
 "graphics-server",
 "heapless",
 "ime-plugin-api",
 "llio",
 "log",
 "log-server",
 "rkyv 0.4.3",
 "ticktimer-server",
 "utralib",
 "xous",
 "xous-names",
]

[[package]]
name = "shlex"
version = "0.1.1"
source = "registry+https://github.com/rust-lang/crates.io-index"
checksum = "7fdf1b9db47230893d76faad238fd6097fd6d6a9245cd7a4d90dbd639536bbd2"

[[package]]
name = "smallvec"
version = "1.6.1"
source = "registry+https://github.com/rust-lang/crates.io-index"
checksum = "fe0f37c9e8f3c5a4a66ad655a93c74daac4ad00c441533bf5c6e7990bb42604e"

[[package]]
name = "stable_deref_trait"
version = "1.2.0"
source = "registry+https://github.com/rust-lang/crates.io-index"
checksum = "a8f112729512f8e442d81f95a8a7ddf2b7c6b8a1a6f509a95864142b30cab2d3"

[[package]]
name = "strsim"
version = "0.8.0"
source = "registry+https://github.com/rust-lang/crates.io-index"
checksum = "8ea5119cdb4c55b55d432abb513a0429384878c15dde60cc77b1c99de1a95a6a"

[[package]]
name = "svd2utra"
version = "0.1.0"
dependencies = [
 "anyhow",
 "clap",
 "quick-xml",
]

[[package]]
name = "syn"
version = "0.13.11"
source = "registry+https://github.com/rust-lang/crates.io-index"
checksum = "14f9bf6292f3a61d2c716723fdb789a41bbe104168e6f496dc6497e531ea1b9b"
dependencies = [
 "proc-macro2 0.3.8",
 "quote 0.5.2",
 "unicode-xid 0.1.0",
]

[[package]]
name = "syn"
version = "1.0.60"
source = "registry+https://github.com/rust-lang/crates.io-index"
checksum = "c700597eca8a5a762beb35753ef6b94df201c81cca676604f547495a0d7f0081"
dependencies = [
 "proc-macro2 1.0.24",
 "quote 1.0.8",
 "unicode-xid 0.2.1",
]

[[package]]
name = "tar"
version = "0.4.32"
source = "registry+https://github.com/rust-lang/crates.io-index"
checksum = "0313546c01d59e29be4f09687bcb4fb6690cec931cc3607b6aec7a0e417f4cc6"
dependencies = [
 "filetime",
 "libc",
 "xattr",
]

[[package]]
name = "tempfile"
version = "3.2.0"
source = "registry+https://github.com/rust-lang/crates.io-index"
checksum = "dac1c663cfc93810f88aed9b8941d48cabf856a1b111c29a40439018d870eb22"
dependencies = [
 "cfg-if 1.0.0",
 "libc",
 "rand 0.8.3",
 "redox_syscall",
 "remove_dir_all",
 "winapi",
]

[[package]]
name = "termcolor"
version = "1.1.2"
source = "registry+https://github.com/rust-lang/crates.io-index"
checksum = "2dfed899f0eb03f32ee8c6a0aabdb8a7949659e3466561fc0adf54e26d88c5f4"
dependencies = [
 "winapi-util",
]

[[package]]
name = "textwrap"
version = "0.11.0"
source = "registry+https://github.com/rust-lang/crates.io-index"
checksum = "d326610f408c7a4eb6f51c37c330e496b08506c9457c9d34287ecc38809fb060"
dependencies = [
 "unicode-width",
]

[[package]]
name = "thread_local"
version = "1.1.2"
source = "registry+https://github.com/rust-lang/crates.io-index"
checksum = "d8208a331e1cb318dd5bd76951d2b8fc48ca38a69f5f4e4af1b6a9f8c6236915"
dependencies = [
 "once_cell",
]

[[package]]
name = "ticktimer-server"
version = "0.1.0"
dependencies = [
 "heapless",
 "log",
 "log-server",
 "utralib",
 "xous",
]

[[package]]
name = "time"
version = "0.1.43"
source = "registry+https://github.com/rust-lang/crates.io-index"
checksum = "ca8a50ef2360fbd1eeb0ecd46795a87a19024eb4b53c5dc916ca1fd95fe62438"
dependencies = [
 "libc",
 "winapi",
]

[[package]]
name = "tools"
version = "0.1.0"
dependencies = [
 "bitflags",
 "clap",
 "crc",
 "csv",
 "env_logger 0.7.1",
 "log",
 "svd2utra",
 "xmas-elf",
]

[[package]]
name = "trng"
version = "0.1.0"
dependencies = [
 "heapless",
 "log",
 "log-server",
 "ticktimer-server",
 "utralib",
 "xous",
 "xous-names",
]

[[package]]
name = "trng-tester"
version = "0.1.0"
dependencies = [
 "heapless",
 "log",
 "log-server",
 "ticktimer-server",
 "typenum",
 "utralib",
 "xous",
]

[[package]]
name = "typenum"
version = "1.12.0"
source = "registry+https://github.com/rust-lang/crates.io-index"
checksum = "373c8a200f9e67a0c95e62a4f52fbf80c23b4381c05a17845531982fa99e6b33"

[[package]]
name = "unicode-width"
version = "0.1.8"
source = "registry+https://github.com/rust-lang/crates.io-index"
checksum = "9337591893a19b88d8d87f2cec1e73fad5cdfd10e5a6f349f498ad6ea2ffb1e3"

[[package]]
name = "unicode-xid"
version = "0.1.0"
source = "registry+https://github.com/rust-lang/crates.io-index"
checksum = "fc72304796d0818e357ead4e000d19c9c174ab23dc11093ac919054d20a6a7fc"

[[package]]
name = "unicode-xid"
version = "0.2.1"
source = "registry+https://github.com/rust-lang/crates.io-index"
checksum = "f7fe0bb3479651439c9112f72b6c505038574c9fbb575ed1bf3b797fa39dd564"

[[package]]
name = "unidiff"
version = "0.3.3"
source = "registry+https://github.com/rust-lang/crates.io-index"
checksum = "d8a62719acf1933bfdbeb73a657ecd9ecece70b405125267dd549e2e2edc232c"
dependencies = [
 "encoding_rs",
 "lazy_static",
 "regex",
]

[[package]]
name = "utralib"
version = "0.1.0"
dependencies = [
 "svd2utra",
]

[[package]]
name = "vec_map"
version = "0.8.2"
source = "registry+https://github.com/rust-lang/crates.io-index"
checksum = "f1bddf1187be692e79c5ffeab891132dfb0f236ed36a43c7ed39f1165ee20191"

[[package]]
name = "vergen"
version = "3.1.0"
source = "registry+https://github.com/rust-lang/crates.io-index"
checksum = "4ce50d8996df1f85af15f2cd8d33daae6e479575123ef4314a51a70a230739cb"
dependencies = [
 "bitflags",
 "chrono",
]

[[package]]
name = "version-compare"
version = "0.0.10"
source = "registry+https://github.com/rust-lang/crates.io-index"
checksum = "d63556a25bae6ea31b52e640d7c41d1ab27faba4ccb600013837a3d0b3994ca1"

[[package]]
name = "version_check"
version = "0.9.2"
source = "registry+https://github.com/rust-lang/crates.io-index"
checksum = "b5a972e5669d67ba988ce3dc826706fb0a8b01471c088cb0b6110b805cc36aed"

[[package]]
name = "wasi"
version = "0.10.2+wasi-snapshot-preview1"
source = "registry+https://github.com/rust-lang/crates.io-index"
checksum = "fd6fbd9a79829dd1ad0cc20627bf1ed606756a7f77edff7b66b7064f9cb327c6"

[[package]]
name = "wayland-client"
version = "0.28.5"
source = "registry+https://github.com/rust-lang/crates.io-index"
checksum = "06ca44d86554b85cf449f1557edc6cc7da935cc748c8e4bf1c507cbd43bae02c"
dependencies = [
 "bitflags",
 "downcast-rs",
 "libc",
 "nix",
 "wayland-commons",
 "wayland-scanner",
 "wayland-sys",
]

[[package]]
name = "wayland-commons"
version = "0.28.5"
source = "registry+https://github.com/rust-lang/crates.io-index"
checksum = "8bd75ae380325dbcff2707f0cd9869827ea1d2d6d534cff076858d3f0460fd5a"
dependencies = [
 "nix",
 "once_cell",
 "smallvec",
 "wayland-sys",
]

[[package]]
name = "wayland-cursor"
version = "0.28.5"
source = "registry+https://github.com/rust-lang/crates.io-index"
checksum = "b37e5455ec72f5de555ec39b5c3704036ac07c2ecd50d0bffe02d5fe2d4e65ab"
dependencies = [
 "nix",
 "wayland-client",
 "xcursor",
]

[[package]]
name = "wayland-protocols"
version = "0.28.5"
source = "registry+https://github.com/rust-lang/crates.io-index"
checksum = "95df3317872bcf9eec096c864b69aa4769a1d5d6291a5b513f8ba0af0efbd52c"
dependencies = [
 "bitflags",
 "wayland-client",
 "wayland-commons",
 "wayland-scanner",
]

[[package]]
name = "wayland-scanner"
version = "0.28.5"
source = "registry+https://github.com/rust-lang/crates.io-index"
checksum = "389d680d7bd67512dc9c37f39560224327038deb0f0e8d33f870900441b68720"
dependencies = [
 "proc-macro2 1.0.24",
 "quote 1.0.8",
 "xml-rs",
]

[[package]]
name = "wayland-sys"
version = "0.28.5"
source = "registry+https://github.com/rust-lang/crates.io-index"
checksum = "2907bd297eef464a95ba9349ea771611771aa285b932526c633dc94d5400a8e2"
dependencies = [
 "pkg-config",
]

[[package]]
name = "which"
version = "3.1.1"
source = "registry+https://github.com/rust-lang/crates.io-index"
checksum = "d011071ae14a2f6671d0b74080ae0cd8ebf3a6f8c9589a2cd45f23126fe29724"
dependencies = [
 "libc",
]

[[package]]
name = "winapi"
version = "0.3.9"
source = "registry+https://github.com/rust-lang/crates.io-index"
checksum = "5c839a674fcd7a98952e593242ea400abe93992746761e38641405d28b00f419"
dependencies = [
 "winapi-i686-pc-windows-gnu",
 "winapi-x86_64-pc-windows-gnu",
]

[[package]]
name = "winapi-i686-pc-windows-gnu"
version = "0.4.0"
source = "registry+https://github.com/rust-lang/crates.io-index"
checksum = "ac3b87c63620426dd9b991e5ce0329eff545bccbbb34f3be09ff6fb6ab51b7b6"

[[package]]
name = "winapi-util"
version = "0.1.5"
source = "registry+https://github.com/rust-lang/crates.io-index"
checksum = "70ec6ce85bb158151cae5e5c87f95a8e97d2c0c4b001223f33a334e3ce5de178"
dependencies = [
 "winapi",
]

[[package]]
name = "winapi-x86_64-pc-windows-gnu"
version = "0.4.0"
source = "registry+https://github.com/rust-lang/crates.io-index"
checksum = "712e227841d057c1ee1cd2fb22fa7e5a5461ae8e48fa2ca79ec42cfc1931183f"

[[package]]
name = "x11-dl"
version = "2.18.5"
source = "registry+https://github.com/rust-lang/crates.io-index"
checksum = "2bf981e3a5b3301209754218f962052d4d9ee97e478f4d26d4a6eced34c1fef8"
dependencies = [
 "lazy_static",
 "libc",
 "maybe-uninit",
 "pkg-config",
]

[[package]]
name = "xattr"
version = "0.2.2"
source = "registry+https://github.com/rust-lang/crates.io-index"
checksum = "244c3741f4240ef46274860397c7c74e50eb23624996930e484c16679633a54c"
dependencies = [
 "libc",
]

[[package]]
name = "xcursor"
version = "0.3.3"
source = "registry+https://github.com/rust-lang/crates.io-index"
checksum = "3a9a231574ae78801646617cefd13bfe94be907c0e4fa979cfd8b770aa3c5d08"
dependencies = [
 "nom 6.1.0",
]

[[package]]
name = "xkb"
version = "0.2.1"
source = "registry+https://github.com/rust-lang/crates.io-index"
checksum = "aec02bc5de902aa579f3d2f2c522edaf40fa42963cbaffe645b058ddcc68fdb2"
dependencies = [
 "bitflags",
 "libc",
 "xkbcommon-sys",
]

[[package]]
name = "xkbcommon-sys"
version = "0.7.5"
source = "registry+https://github.com/rust-lang/crates.io-index"
checksum = "59a001b79d45b0b4541c228a501177f2b35db976bf7ee3f7fce8fa2381554ab5"
dependencies = [
 "bindgen",
 "libc",
 "pkg-config",
]

[[package]]
name = "xmas-elf"
version = "0.7.0"
source = "registry+https://github.com/rust-lang/crates.io-index"
checksum = "e74de9a366f6ab8c405fa6b371d9ac24943921fa14b3d64afcb202065c405f11"
dependencies = [
 "zero",
]

[[package]]
name = "xml-rs"
version = "0.8.3"
source = "registry+https://github.com/rust-lang/crates.io-index"
checksum = "b07db065a5cf61a7e4ba64f29e67db906fb1787316516c4e6e5ff0fea1efcd8a"

[[package]]
name = "xous"
version = "0.1.2"
dependencies = [
 "bitflags",
 "compiler_builtins",
 "hex",
 "lazy_static",
 "log",
 "rkyv 0.4.3",
 "rustc-std-workspace-core",
 "xous-macros",
]

[[package]]
name = "xous-macros"
version = "0.1.0"
dependencies = [
 "proc-macro2 1.0.24",
 "quote 1.0.8",
 "rand 0.7.3",
 "syn 1.0.60",
]

[[package]]
name = "xous-names"
version = "0.1.0"
dependencies = [
 "hash32",
 "hash32-derive",
 "heapless",
 "log",
 "log-server",
 "rkyv 0.4.3",
 "ticktimer-server",
 "utralib",
 "xous",
]

[[package]]
name = "xtask"
version = "0.1.0"

[[package]]
name = "zero"
version = "0.1.2"
source = "registry+https://github.com/rust-lang/crates.io-index"
checksum = "5f1bc8a6b2005884962297587045002d8cfb8dcec9db332f4ca216ddc5de82c5"
