# This file is automatically @generated by Cargo.
# It is not intended for manual editing.
version = 3

[[package]]
name = "memchr"
version = "2.3.3"
source = "registry+https://github.com/rust-lang/crates.io-index"
checksum = "3728d817d99e5ac407411fa471ff9800a778d88a24685968b36824eaf4bee400"

[[package]]
name = "quick-xml"
version = "0.28.2"
source = "registry+https://github.com/rust-lang/crates.io-index"
checksum = "0ce5e73202a820a31f8a0ee32ada5e21029c81fd9e3ebf668a40832e4219d9d1"
dependencies = [
 "memchr",
]

[[package]]
name = "svd2utra"
version = "0.1.21"
source = "registry+https://github.com/rust-lang/crates.io-index"
checksum = "bc50c4494d56184b865d78a7c8a4bef3efc1edbb131e806b7429fbb01bf6c40d"
dependencies = [
 "quick-xml",
]

[[package]]
name = "utralib"
version = "0.1.23"
dependencies = [
 "svd2utra",
]
