# This file is automatically @generated by Cargo.
# It is not intended for manual editing.
version = 4

[[package]]
name = "memchr"
version = "2.3.3"
source = "registry+https://github.com/rust-lang/crates.io-index"
checksum = "3728d817d99e5ac407411fa471ff9800a778d88a24685968b36824eaf4bee400"

[[package]]
name = "quick-xml"
version = "0.28.2"
source = "registry+https://github.com/rust-lang/crates.io-index"
checksum = "0ce5e73202a820a31f8a0ee32ada5e21029c81fd9e3ebf668a40832e4219d9d1"
dependencies = [
 "memchr",
]

[[package]]
name = "svd2utra"
version = "0.1.23"
source = "registry+https://github.com/rust-lang/crates.io-index"
checksum = "39cd1364c764d8850b69b610c303bf715836dabf08025e72bdff782b2c696462"
dependencies = [
 "quick-xml",
]

[[package]]
name = "utralib"
version = "0.1.25"
dependencies = [
 "svd2utra",
]
